{
  "lockfile-version": 1,
  "manifest": {
    "version": 1,
    "install": {
      "bash": {
        "pkg-path": "bash"
      },
      "gcc": {
        "pkg-path": "gcc"
      },
      "pkg-config": {
        "pkg-path": "pkg-config"
      },
      "python313": {
        "pkg-path": "python313"
      },
      "uv": {
        "pkg-path": "uv"
      }
    },
    "vars": {
      "PYTHONPATH": "./custom_components",
      "UV_PYTHON": "3.13.3"
    },
    "hook": {
      "on-activate": "echo \"🏊 Home Assistant Compool Integration Environment\"\necho \"Python: $(python --version)\"\necho \"uv: $(uv --version)\"\n\nif [ ! -d \".venv\" ]; then\n  echo \"Setting up Python environment...\"\n  uv venv --python 3.13.3\n  uv pip install -e \".[dev]\"\nfi\n\nsource .venv/bin/activate\n\necho \"Available commands:\"\necho \"  scripts/setup   - Set up development environment\"\necho \"  scripts/develop - Start Home Assistant in debug mode\"\necho \"  scripts/lint    - Format and lint code\"\necho \"  scripts/test    - Run test suite\"\n"
    },
    "options": {}
  },
  "packages": [
    {
      "attr_path": "bash",
      "broken": false,
      "derivation": "/nix/store/0dh91zr8cm3c3r5pmyfp6v79r1fx2map-bash-interactive-5.2p37.drv",
      "description": "GNU Bourne-Again Shell, the de facto standard shell on Linux (for interactive use)",
      "install_id": "bash",
      "license": "GPL-3.0-or-later",
      "locked_url": "https://github.com/flox/nixpkgs?rev=9e83b64f727c88a7711a2c463a7b16eedb69a84c",
      "name": "bash-interactive-5.2p37",
      "pname": "bash",
      "rev": "9e83b64f727c88a7711a2c463a7b16eedb69a84c",
      "rev_count": 816272,
      "rev_date": "2025-06-17T04:31:58Z",
      "scrape_date": "2025-06-18T00:36:15.524936Z",
      "stabilities": [
        "unstable"
      ],
      "unfree": false,
      "version": "5.2p37",
      "outputs_to_install": [
        "man",
        "out"
      ],
      "outputs": {
        "dev": "/nix/store/53a61nyj51khjiclybi6vgrznjraib3b-bash-interactive-5.2p37-dev",
        "doc": "/nix/store/7yli2zlcgjfagc27v41lwswmixmggdwa-bash-interactive-5.2p37-doc",
        "info": "/nix/store/83vss0vbdrq05jwfrhgn8055bfcr44c7-bash-interactive-5.2p37-info",
        "man": "/nix/store/yqmbsgprykp8rkzmnzghjj043zb385ww-bash-interactive-5.2p37-man",
        "out": "/nix/store/g2r737j05jgy19c2yqnyvs71w8bxk4b1-bash-interactive-5.2p37"
      },
      "system": "aarch64-darwin",
      "group": "toplevel",
      "priority": 5
    },
    {
      "attr_path": "bash",
      "broken": false,
      "derivation": "/nix/store/pf9af7mr8x5y7p1756rw5dnlpb5509kb-bash-interactive-5.2p37.drv",
      "description": "GNU Bourne-Again Shell, the de facto standard shell on Linux (for interactive use)",
      "install_id": "bash",
      "license": "GPL-3.0-or-later",
      "locked_url": "https://github.com/flox/nixpkgs?rev=9e83b64f727c88a7711a2c463a7b16eedb69a84c",
      "name": "bash-interactive-5.2p37",
      "pname": "bash",
      "rev": "9e83b64f727c88a7711a2c463a7b16eedb69a84c",
      "rev_count": 816272,
      "rev_date": "2025-06-17T04:31:58Z",
      "scrape_date": "2025-06-18T00:54:47.975272Z",
      "stabilities": [
        "unstable"
      ],
      "unfree": false,
      "version": "5.2p37",
      "outputs_to_install": [
        "man",
        "out"
      ],
      "outputs": {
        "debug": "/nix/store/hkc6bh31i4s7vsjyha8nk4dxrms48is8-bash-interactive-5.2p37-debug",
        "dev": "/nix/store/x47l5zj1bw3imkb975yx31h3clydrzha-bash-interactive-5.2p37-dev",
        "doc": "/nix/store/byi69qi0r7lfs6c4j52qr4p75h00168v-bash-interactive-5.2p37-doc",
        "info": "/nix/store/c1c3xyf5swa2ssr9lpssqyk44d2vpg1j-bash-interactive-5.2p37-info",
        "man": "/nix/store/s8dwwp6wz73yr946a4sjsal4ijljv3m4-bash-interactive-5.2p37-man",
        "out": "/nix/store/0lg0kxzr3j67sl6ydrkcmcqk01jg89aa-bash-interactive-5.2p37"
      },
      "system": "aarch64-linux",
      "group": "toplevel",
      "priority": 5
    },
    {
      "attr_path": "bash",
      "broken": false,
      "derivation": "/nix/store/gp69vf2xrf411g622mg5f7dpchgjk02j-bash-interactive-5.2p37.drv",
      "description": "GNU Bourne-Again Shell, the de facto standard shell on Linux (for interactive use)",
      "install_id": "bash",
      "license": "GPL-3.0-or-later",
      "locked_url": "https://github.com/flox/nixpkgs?rev=9e83b64f727c88a7711a2c463a7b16eedb69a84c",
      "name": "bash-interactive-5.2p37",
      "pname": "bash",
      "rev": "9e83b64f727c88a7711a2c463a7b16eedb69a84c",
      "rev_count": 816272,
      "rev_date": "2025-06-17T04:31:58Z",
      "scrape_date": "2025-06-18T01:12:22.787003Z",
      "stabilities": [
        "unstable"
      ],
      "unfree": false,
      "version": "5.2p37",
      "outputs_to_install": [
        "man",
        "out"
      ],
      "outputs": {
        "dev": "/nix/store/cp4lxxx520jm6l87p7drk72fikwrvg11-bash-interactive-5.2p37-dev",
        "doc": "/nix/store/f8jf3h6m9x322rkilyph467zfr2wb7j0-bash-interactive-5.2p37-doc",
        "info": "/nix/store/7hylfficsccag91m8pp7vpwkps52a9hp-bash-interactive-5.2p37-info",
        "man": "/nix/store/a0zpkp6s878hi3vrhz2wvwynwndi31cc-bash-interactive-5.2p37-man",
        "out": "/nix/store/iaa9ygh4y84ibrnd96j4pb5v0r5n87f3-bash-interactive-5.2p37"
      },
      "system": "x86_64-darwin",
      "group": "toplevel",
      "priority": 5
    },
    {
      "attr_path": "bash",
      "broken": false,
      "derivation": "/nix/store/fg8j7klr6mm1ki4qiq5a3fk5swp42b5f-bash-interactive-5.2p37.drv",
      "description": "GNU Bourne-Again Shell, the de facto standard shell on Linux (for interactive use)",
      "install_id": "bash",
      "license": "GPL-3.0-or-later",
      "locked_url": "https://github.com/flox/nixpkgs?rev=9e83b64f727c88a7711a2c463a7b16eedb69a84c",
      "name": "bash-interactive-5.2p37",
      "pname": "bash",
      "rev": "9e83b64f727c88a7711a2c463a7b16eedb69a84c",
      "rev_count": 816272,
      "rev_date": "2025-06-17T04:31:58Z",
      "scrape_date": "2025-06-18T01:32:27.367623Z",
      "stabilities": [
        "unstable"
      ],
      "unfree": false,
      "version": "5.2p37",
      "outputs_to_install": [
        "man",
        "out"
      ],
      "outputs": {
        "debug": "/nix/store/lyi453yphbdm0q39knhkjw72dxz0pzb9-bash-interactive-5.2p37-debug",
        "dev": "/nix/store/61hjink4vi1ac1lspy6qgl6mh9x8yxs4-bash-interactive-5.2p37-dev",
        "doc": "/nix/store/3frg3li12mwq7g4fpmgkjv43x5bqad7d-bash-interactive-5.2p37-doc",
        "info": "/nix/store/88cs6k2j021mh2ir1dzsl6m8vqgydyiw-bash-interactive-5.2p37-info",
        "man": "/nix/store/s3zz5nasd7qr894a8jrp6fy52pdrz2f1-bash-interactive-5.2p37-man",
        "out": "/nix/store/1q9lw4r2mbap8rsr8cja46nap6wvrw2p-bash-interactive-5.2p37"
      },
      "system": "x86_64-linux",
      "group": "toplevel",
      "priority": 5
    },
    {
      "attr_path": "gcc",
      "broken": false,
      "derivation": "/nix/store/ngwnxc9m4aaz95bnmsmdb3680p5dsk0s-gcc-wrapper-14.2.1.20250322.drv",
      "description": "GNU Compiler Collection, version 14.2.1.20250322 (wrapper script)",
      "install_id": "gcc",
      "license": "GPL-3.0-or-later",
      "locked_url": "https://github.com/flox/nixpkgs?rev=9e83b64f727c88a7711a2c463a7b16eedb69a84c",
      "name": "gcc-wrapper-14.2.1.20250322",
      "pname": "gcc",
      "rev": "9e83b64f727c88a7711a2c463a7b16eedb69a84c",
      "rev_count": 816272,
      "rev_date": "2025-06-17T04:31:58Z",
      "scrape_date": "2025-06-18T00:36:16.259679Z",
      "stabilities": [
        "unstable"
      ],
      "unfree": false,
      "version": "14.2.1.20250322",
      "outputs_to_install": [
        "man",
        "out"
      ],
      "outputs": {
        "info": "/nix/store/fl8gp0pvp2lz34va2pp2rg4krk2z35ar-gcc-wrapper-14.2.1.20250322-info",
        "man": "/nix/store/ndnl5s0a8671f19jwhyms5wb0d0jq7ix-gcc-wrapper-14.2.1.20250322-man",
        "out": "/nix/store/pnppg88x29b2rmmz54zj9rvm6rgbwml5-gcc-wrapper-14.2.1.20250322"
      },
      "system": "aarch64-darwin",
      "group": "toplevel",
      "priority": 5
    },
    {
      "attr_path": "gcc",
      "broken": false,
      "derivation": "/nix/store/bn7yhf3ngv7r5lcsi8psy5bgpc2751km-gcc-wrapper-14.2.1.20250322.drv",
      "description": "GNU Compiler Collection, version 14.2.1.20250322 (wrapper script)",
      "install_id": "gcc",
      "license": "GPL-3.0-or-later",
      "locked_url": "https://github.com/flox/nixpkgs?rev=9e83b64f727c88a7711a2c463a7b16eedb69a84c",
      "name": "gcc-wrapper-14.2.1.20250322",
      "pname": "gcc",
      "rev": "9e83b64f727c88a7711a2c463a7b16eedb69a84c",
      "rev_count": 816272,
      "rev_date": "2025-06-17T04:31:58Z",
      "scrape_date": "2025-06-18T00:54:49.115926Z",
      "stabilities": [
        "unstable"
      ],
      "unfree": false,
      "version": "14.2.1.20250322",
      "outputs_to_install": [
        "man",
        "out"
      ],
      "outputs": {
        "info": "/nix/store/02wyr4amxzw5wdwsr1w8iviwz21dpzzq-gcc-wrapper-14.2.1.20250322-info",
        "man": "/nix/store/v2vgm7qpc7nck1p39cnq29ld1jb4i02z-gcc-wrapper-14.2.1.20250322-man",
        "out": "/nix/store/m5lx55lwrvcax2lwfv83793i2b8x6r2w-gcc-wrapper-14.2.1.20250322"
      },
      "system": "aarch64-linux",
      "group": "toplevel",
      "priority": 5
    },
    {
      "attr_path": "gcc",
      "broken": false,
      "derivation": "/nix/store/nb6z68cyxxa8dv7q05nf0sc0y0j60k45-gcc-wrapper-14.2.1.20250322.drv",
      "description": "GNU Compiler Collection, version 14.2.1.20250322 (wrapper script)",
      "install_id": "gcc",
      "license": "GPL-3.0-or-later",
      "locked_url": "https://github.com/flox/nixpkgs?rev=9e83b64f727c88a7711a2c463a7b16eedb69a84c",
      "name": "gcc-wrapper-14.2.1.20250322",
      "pname": "gcc",
      "rev": "9e83b64f727c88a7711a2c463a7b16eedb69a84c",
      "rev_count": 816272,
      "rev_date": "2025-06-17T04:31:58Z",
      "scrape_date": "2025-06-18T01:12:23.481062Z",
      "stabilities": [
        "unstable"
      ],
      "unfree": false,
      "version": "14.2.1.20250322",
      "outputs_to_install": [
        "man",
        "out"
      ],
      "outputs": {
        "info": "/nix/store/n0qd4ys4ss1pxqcwf8fpf4p8gqfqp8xc-gcc-wrapper-14.2.1.20250322-info",
        "man": "/nix/store/wdrsjsi6020c883n5bd4j0ih3wqf65da-gcc-wrapper-14.2.1.20250322-man",
        "out": "/nix/store/kpk57xjwgb2kkbidrvhj4mk0zifj7jkp-gcc-wrapper-14.2.1.20250322"
      },
      "system": "x86_64-darwin",
      "group": "toplevel",
      "priority": 5
    },
    {
      "attr_path": "gcc",
      "broken": false,
      "derivation": "/nix/store/f0d6rgrfnslm73sw2w1bwlym3f1cp670-gcc-wrapper-14.2.1.20250322.drv",
      "description": "GNU Compiler Collection, version 14.2.1.20250322 (wrapper script)",
      "install_id": "gcc",
      "license": "GPL-3.0-or-later",
      "locked_url": "https://github.com/flox/nixpkgs?rev=9e83b64f727c88a7711a2c463a7b16eedb69a84c",
      "name": "gcc-wrapper-14.2.1.20250322",
      "pname": "gcc",
      "rev": "9e83b64f727c88a7711a2c463a7b16eedb69a84c",
      "rev_count": 816272,
      "rev_date": "2025-06-17T04:31:58Z",
      "scrape_date": "2025-06-18T01:32:28.639894Z",
      "stabilities": [
        "unstable"
      ],
      "unfree": false,
      "version": "14.2.1.20250322",
      "outputs_to_install": [
        "man",
        "out"
      ],
      "outputs": {
        "info": "/nix/store/7bzcswp68xfk2x17fmqbdrybbwcjy0kq-gcc-wrapper-14.2.1.20250322-info",
        "man": "/nix/store/kbykzp8wk3anb8ym760yf5m28nqz2k9n-gcc-wrapper-14.2.1.20250322-man",
        "out": "/nix/store/0fsnicvfpf55nkza12cjnad0w84d6ba7-gcc-wrapper-14.2.1.20250322"
      },
      "system": "x86_64-linux",
      "group": "toplevel",
      "priority": 5
    },
    {
      "attr_path": "pkg-config",
      "broken": false,
      "derivation": "/nix/store/0abxnz07gbqqd5fdz6j907ji30j34d5d-pkg-config-wrapper-0.29.2.drv",
      "description": "Tool that allows packages to find out information about other packages (wrapper script)",
      "install_id": "pkg-config",
      "license": "GPL-2.0-or-later",
      "locked_url": "https://github.com/flox/nixpkgs?rev=9e83b64f727c88a7711a2c463a7b16eedb69a84c",
      "name": "pkg-config-wrapper-0.29.2",
      "pname": "pkg-config",
      "rev": "9e83b64f727c88a7711a2c463a7b16eedb69a84c",
      "rev_count": 816272,
      "rev_date": "2025-06-17T04:31:58Z",
      "scrape_date": "2025-06-18T00:36:24.061570Z",
      "stabilities": [
        "unstable"
      ],
      "unfree": false,
      "version": "0.29.2",
      "outputs_to_install": [
        "man",
        "out"
      ],
      "outputs": {
        "doc": "/nix/store/3ynyhaw76lpyrq90izswniwi30w44ijs-pkg-config-wrapper-0.29.2-doc",
        "man": "/nix/store/wnc0cjzgh9njz9gzmr1xpri7g8azbmll-pkg-config-wrapper-0.29.2-man",
        "out": "/nix/store/svafyjg9cly5zrq6hvbd34d14szvx2l7-pkg-config-wrapper-0.29.2"
      },
      "system": "aarch64-darwin",
      "group": "toplevel",
      "priority": 5
    },
    {
      "attr_path": "pkg-config",
      "broken": false,
      "derivation": "/nix/store/xqxnjsbc129cpgpf7gpzaw1skm2byp3h-pkg-config-wrapper-0.29.2.drv",
      "description": "Tool that allows packages to find out information about other packages (wrapper script)",
      "install_id": "pkg-config",
      "license": "GPL-2.0-or-later",
      "locked_url": "https://github.com/flox/nixpkgs?rev=9e83b64f727c88a7711a2c463a7b16eedb69a84c",
      "name": "pkg-config-wrapper-0.29.2",
      "pname": "pkg-config",
      "rev": "9e83b64f727c88a7711a2c463a7b16eedb69a84c",
      "rev_count": 816272,
      "rev_date": "2025-06-17T04:31:58Z",
      "scrape_date": "2025-06-18T00:55:08.687507Z",
      "stabilities": [
        "unstable"
      ],
      "unfree": false,
      "version": "0.29.2",
      "outputs_to_install": [
        "man",
        "out"
      ],
      "outputs": {
        "doc": "/nix/store/axcsk9bmq0q4dg3asfnfifwk6s3ci1qd-pkg-config-wrapper-0.29.2-doc",
        "man": "/nix/store/gw2zj9jkdf8369zmmxyc6g1siclmshdd-pkg-config-wrapper-0.29.2-man",
        "out": "/nix/store/gzm371m389j42zak90jpg2bnx4cdkyh2-pkg-config-wrapper-0.29.2"
      },
      "system": "aarch64-linux",
      "group": "toplevel",
      "priority": 5
    },
    {
      "attr_path": "pkg-config",
      "broken": false,
      "derivation": "/nix/store/8nii8knb8x3jz5c772qf9z5m9v626qi4-pkg-config-wrapper-0.29.2.drv",
      "description": "Tool that allows packages to find out information about other packages (wrapper script)",
      "install_id": "pkg-config",
      "license": "GPL-2.0-or-later",
      "locked_url": "https://github.com/flox/nixpkgs?rev=9e83b64f727c88a7711a2c463a7b16eedb69a84c",
      "name": "pkg-config-wrapper-0.29.2",
      "pname": "pkg-config",
      "rev": "9e83b64f727c88a7711a2c463a7b16eedb69a84c",
      "rev_count": 816272,
      "rev_date": "2025-06-17T04:31:58Z",
      "scrape_date": "2025-06-18T01:12:31.550860Z",
      "stabilities": [
        "unstable"
      ],
      "unfree": false,
      "version": "0.29.2",
      "outputs_to_install": [
        "man",
        "out"
      ],
      "outputs": {
        "doc": "/nix/store/r03rfhl9fp32v02f30lp5ixx6j8bz6ii-pkg-config-wrapper-0.29.2-doc",
        "man": "/nix/store/98m5gy9w2q1m4rw8hlsfglbhzkk8q26y-pkg-config-wrapper-0.29.2-man",
        "out": "/nix/store/6a30pxqzr3hxspghxkx76r5i35dn8vw4-pkg-config-wrapper-0.29.2"
      },
      "system": "x86_64-darwin",
      "group": "toplevel",
      "priority": 5
    },
    {
      "attr_path": "pkg-config",
      "broken": false,
      "derivation": "/nix/store/pfdcqzk36ymraiylb23hik50j93jxzxm-pkg-config-wrapper-0.29.2.drv",
      "description": "Tool that allows packages to find out information about other packages (wrapper script)",
      "install_id": "pkg-config",
      "license": "GPL-2.0-or-later",
      "locked_url": "https://github.com/flox/nixpkgs?rev=9e83b64f727c88a7711a2c463a7b16eedb69a84c",
      "name": "pkg-config-wrapper-0.29.2",
      "pname": "pkg-config",
      "rev": "9e83b64f727c88a7711a2c463a7b16eedb69a84c",
      "rev_count": 816272,
      "rev_date": "2025-06-17T04:31:58Z",
      "scrape_date": "2025-06-18T01:32:51.323508Z",
      "stabilities": [
        "unstable"
      ],
      "unfree": false,
      "version": "0.29.2",
      "outputs_to_install": [
        "man",
        "out"
      ],
      "outputs": {
        "doc": "/nix/store/8h5h1jw0pw5f7gj68day67wjfsdjmp02-pkg-config-wrapper-0.29.2-doc",
        "man": "/nix/store/fsrf6bncxkzcd70xr4191vrnfr910fgx-pkg-config-wrapper-0.29.2-man",
        "out": "/nix/store/2crk9xnq5x9v7yf0r2nwkgj8qsmxr4ly-pkg-config-wrapper-0.29.2"
      },
      "system": "x86_64-linux",
      "group": "toplevel",
      "priority": 5
    },
    {
      "attr_path": "python313",
      "broken": false,
      "derivation": "/nix/store/q7j6rfh247fr6s1rhg4wax75bc1cccv6-python3-3.13.3.drv",
      "description": "High-level dynamically-typed programming language",
      "install_id": "python313",
      "license": "Python-2.0",
      "locked_url": "https://github.com/flox/nixpkgs?rev=9e83b64f727c88a7711a2c463a7b16eedb69a84c",
      "name": "python3-3.13.3",
      "pname": "python313",
      "rev": "9e83b64f727c88a7711a2c463a7b16eedb69a84c",
      "rev_count": 816272,
      "rev_date": "2025-06-17T04:31:58Z",
      "scrape_date": "2025-06-18T00:36:33.608630Z",
      "stabilities": [
        "unstable"
      ],
      "unfree": false,
      "version": "python3-3.13.3",
      "outputs_to_install": [
        "out"
      ],
      "outputs": {
        "out": "/nix/store/1a8xg8l3m67hxinxzzcsak9736qm9vsf-python3-3.13.3"
      },
      "system": "aarch64-darwin",
      "group": "toplevel",
      "priority": 5
    },
    {
      "attr_path": "python313",
      "broken": false,
      "derivation": "/nix/store/8dr2h5ldpw048f19k5izy11wi5mjxcik-python3-3.13.3.drv",
      "description": "High-level dynamically-typed programming language",
      "install_id": "python313",
      "license": "Python-2.0",
      "locked_url": "https://github.com/flox/nixpkgs?rev=9e83b64f727c88a7711a2c463a7b16eedb69a84c",
      "name": "python3-3.13.3",
      "pname": "python313",
      "rev": "9e83b64f727c88a7711a2c463a7b16eedb69a84c",
      "rev_count": 816272,
      "rev_date": "2025-06-17T04:31:58Z",
      "scrape_date": "2025-06-18T00:55:24.206617Z",
      "stabilities": [
        "unstable"
      ],
      "unfree": false,
      "version": "python3-3.13.3",
      "outputs_to_install": [
        "out"
      ],
      "outputs": {
        "debug": "/nix/store/42bxfqfrh8cwspl7szr0cw8739xv8qlq-python3-3.13.3-debug",
        "out": "/nix/store/yy0xvc2rydhrs0h1v8d7r3sql347xzz5-python3-3.13.3"
      },
      "system": "aarch64-linux",
      "group": "toplevel",
      "priority": 5
    },
    {
      "attr_path": "python313",
      "broken": false,
      "derivation": "/nix/store/8zwxhz199hb3bg144c11lpxbykdyzm60-python3-3.13.3.drv",
      "description": "High-level dynamically-typed programming language",
      "install_id": "python313",
      "license": "Python-2.0",
      "locked_url": "https://github.com/flox/nixpkgs?rev=9e83b64f727c88a7711a2c463a7b16eedb69a84c",
      "name": "python3-3.13.3",
      "pname": "python313",
      "rev": "9e83b64f727c88a7711a2c463a7b16eedb69a84c",
      "rev_count": 816272,
      "rev_date": "2025-06-17T04:31:58Z",
      "scrape_date": "2025-06-18T01:12:41.267021Z",
      "stabilities": [
        "unstable"
      ],
      "unfree": false,
      "version": "python3-3.13.3",
      "outputs_to_install": [
        "out"
      ],
      "outputs": {
        "out": "/nix/store/gbrigjhghz9v2p0zf9b2fnvs0g0yx7q4-python3-3.13.3"
      },
      "system": "x86_64-darwin",
      "group": "toplevel",
      "priority": 5
    },
    {
      "attr_path": "python313",
      "broken": false,
      "derivation": "/nix/store/2ay6dg9rpffhv5ir5bik9h1h0lp8zg6i-python3-3.13.3.drv",
      "description": "High-level dynamically-typed programming language",
      "install_id": "python313",
      "license": "Python-2.0",
      "locked_url": "https://github.com/flox/nixpkgs?rev=9e83b64f727c88a7711a2c463a7b16eedb69a84c",
      "name": "python3-3.13.3",
      "pname": "python313",
      "rev": "9e83b64f727c88a7711a2c463a7b16eedb69a84c",
      "rev_count": 816272,
      "rev_date": "2025-06-17T04:31:58Z",
      "scrape_date": "2025-06-18T01:33:08.013695Z",
      "stabilities": [
        "unstable"
      ],
      "unfree": false,
      "version": "python3-3.13.3",
      "outputs_to_install": [
        "out"
      ],
      "outputs": {
        "debug": "/nix/store/9z6k8ijl2md0y2n95yprbjj4vxbfsi15-python3-3.13.3-debug",
        "out": "/nix/store/2mab9iiwhcqwk75qwvp3zv0bvbiaq6cs-python3-3.13.3"
      },
      "system": "x86_64-linux",
      "group": "toplevel",
      "priority": 5
    },
    {
      "attr_path": "uv",
      "broken": false,
      "derivation": "/nix/store/isqz0gb01bzj059z0bkv7xn1nr7v6jy7-uv-0.7.13.drv",
      "description": "Extremely fast Python package installer and resolver, written in Rust",
      "install_id": "uv",
      "license": "[ Apache-2.0, MIT ]",
      "locked_url": "https://github.com/flox/nixpkgs?rev=9e83b64f727c88a7711a2c463a7b16eedb69a84c",
      "name": "uv-0.7.13",
      "pname": "uv",
      "rev": "9e83b64f727c88a7711a2c463a7b16eedb69a84c",
      "rev_count": 816272,
      "rev_date": "2025-06-17T04:31:58Z",
      "scrape_date": "2025-06-18T00:37:13.013800Z",
      "stabilities": [
        "unstable"
      ],
      "unfree": false,
      "version": "0.7.13",
      "outputs_to_install": [
        "out"
      ],
      "outputs": {
        "out": "/nix/store/60wl696zlnnj1sq1rkb3kxny5wzxirbi-uv-0.7.13"
      },
      "system": "aarch64-darwin",
      "group": "toplevel",
      "priority": 5
    },
    {
      "attr_path": "uv",
      "broken": false,
      "derivation": "/nix/store/ljqd9glziv06w0wj8m2xs0mjhb6w6nhf-uv-0.7.13.drv",
      "description": "Extremely fast Python package installer and resolver, written in Rust",
      "install_id": "uv",
      "license": "[ Apache-2.0, MIT ]",
      "locked_url": "https://github.com/flox/nixpkgs?rev=9e83b64f727c88a7711a2c463a7b16eedb69a84c",
      "name": "uv-0.7.13",
      "pname": "uv",
      "rev": "9e83b64f727c88a7711a2c463a7b16eedb69a84c",
      "rev_count": 816272,
      "rev_date": "2025-06-17T04:31:58Z",
      "scrape_date": "2025-06-18T00:56:19.858724Z",
      "stabilities": [
        "unstable"
      ],
      "unfree": false,
      "version": "0.7.13",
      "outputs_to_install": [
        "out"
      ],
      "outputs": {
        "out": "/nix/store/a4s894q0vdnkbx18r2prfyhl3xzf8lri-uv-0.7.13"
      },
      "system": "aarch64-linux",
      "group": "toplevel",
      "priority": 5
    },
    {
      "attr_path": "uv",
      "broken": false,
      "derivation": "/nix/store/3hqxyqzx3yd800hxwf28ly7kbr3zzx4h-uv-0.7.13.drv",
      "description": "Extremely fast Python package installer and resolver, written in Rust",
      "install_id": "uv",
      "license": "[ Apache-2.0, MIT ]",
      "locked_url": "https://github.com/flox/nixpkgs?rev=9e83b64f727c88a7711a2c463a7b16eedb69a84c",
      "name": "uv-0.7.13",
      "pname": "uv",
      "rev": "9e83b64f727c88a7711a2c463a7b16eedb69a84c",
      "rev_count": 816272,
      "rev_date": "2025-06-17T04:31:58Z",
      "scrape_date": "2025-06-18T01:13:21.804090Z",
      "stabilities": [
        "unstable"
      ],
      "unfree": false,
      "version": "0.7.13",
      "outputs_to_install": [
        "out"
      ],
      "outputs": {
        "out": "/nix/store/ma157b9bqjxrgwwc3s8lil9i1a3d5sh4-uv-0.7.13"
      },
      "system": "x86_64-darwin",
      "group": "toplevel",
      "priority": 5
    },
    {
      "attr_path": "uv",
      "broken": false,
      "derivation": "/nix/store/01xrb7kf441xiyrk5qkqrik8ggj1ali1-uv-0.7.13.drv",
      "description": "Extremely fast Python package installer and resolver, written in Rust",
      "install_id": "uv",
      "license": "[ Apache-2.0, MIT ]",
      "locked_url": "https://github.com/flox/nixpkgs?rev=9e83b64f727c88a7711a2c463a7b16eedb69a84c",
      "name": "uv-0.7.13",
      "pname": "uv",
      "rev": "9e83b64f727c88a7711a2c463a7b16eedb69a84c",
      "rev_count": 816272,
      "rev_date": "2025-06-17T04:31:58Z",
      "scrape_date": "2025-06-18T01:34:07.514180Z",
      "stabilities": [
        "unstable"
      ],
      "unfree": false,
      "version": "0.7.13",
      "outputs_to_install": [
        "out"
      ],
      "outputs": {
        "out": "/nix/store/xdr4fddncn2sz5asjrfls4ajpsw6j5qw-uv-0.7.13"
      },
      "system": "x86_64-linux",
      "group": "toplevel",
      "priority": 5
    }
  ]
}